// !$*UTF8*$!
{
	archiveVersion = 1;
	classes = {
	};
	objectVersion = 77;
	objects = {

/* Begin PBXBuildFile section */
		A301D4492E85882500F67A76 /* README.md in Resources */ = {isa = PBXBuildFile; fileRef = A301D4482E85882500F67A76 /* README.md */; };
		A301D4582E85887500F67A76 /* DeepLinkParser.swift in Sources */ = {isa = PBXBuildFile; fileRef = A301D4532E85887500F67A76 /* DeepLinkParser.swift */; };
		A301D4592E85887500F67A76 /* DeepLinkService.swift in Sources */ = {isa = PBXBuildFile; fileRef = A301D4542E85887500F67A76 /* DeepLinkService.swift */; };
		A301D4662E898ADC00F67A76 /* L10n.swift in Sources */ = {isa = PBXBuildFile; fileRef = A301D4652E898ADC00F67A76 /* L10n.swift */; };
		A301D46B2E8994E600F67A76 /* UITabBarController+Alert.swift in Sources */ = {isa = PBXBuildFile; fileRef = A301D46A2E8994E600F67A76 /* UITabBarController+Alert.swift */; };
		A301D4772E8C08A900F67A76 /* Localizable.strings in Resources */ = {isa = PBXBuildFile; fileRef = A301D4732E8C08A900F67A76 /* Localizable.strings */; };
		A301D4782E8C08A900F67A76 /* Localizable.stringsdict in Resources */ = {isa = PBXBuildFile; fileRef = A301D4742E8C08A900F67A76 /* Localizable.stringsdict */; };
		A3166E062E0476E700E6E1C2 /* Swinject in Frameworks */ = {isa = PBXBuildFile; productRef = A3166E052E0476E700E6E1C2 /* Swinject */; };
		A3166E0B2E05613600E6E1C2 /* FirebaseAnalytics in Frameworks */ = {isa = PBXBuildFile; productRef = A3166E0A2E05613600E6E1C2 /* FirebaseAnalytics */; };
		A3166E0D2E05613600E6E1C2 /* FirebaseCrashlytics in Frameworks */ = {isa = PBXBuildFile; productRef = A3166E0C2E05613600E6E1C2 /* FirebaseCrashlytics */; };
		A3166E122E0561DB00E6E1C2 /* RealmSwift in Frameworks */ = {isa = PBXBuildFile; productRef = A3166E112E0561DB00E6E1C2 /* RealmSwift */; };
		A3166E152E05625800E6E1C2 /* Alamofire in Frameworks */ = {isa = PBXBuildFile; productRef = A3166E142E05625800E6E1C2 /* Alamofire */; };
		A3166E572E0589B600E6E1C2 /* Publisher+Extensions.swift in Sources */ = {isa = PBXBuildFile; fileRef = A3166E3C2E0589B600E6E1C2 /* Publisher+Extensions.swift */; };
		A3166E582E0589B600E6E1C2 /* UIColor+Hex.swift in Sources */ = {isa = PBXBuildFile; fileRef = A3166E3D2E0589B600E6E1C2 /* UIColor+Hex.swift */; };
		A3166E592E0589B600E6E1C2 /* HTTPClientProtocol.swift in Sources */ = {isa = PBXBuildFile; fileRef = A3166E3F2E0589B600E6E1C2 /* HTTPClientProtocol.swift */; };
		A3166E5A2E0589B600E6E1C2 /* DesignTokens.swift in Sources */ = {isa = PBXBuildFile; fileRef = A3166E492E0589B600E6E1C2 /* DesignTokens.swift */; };
		A3166E5B2E0589B600E6E1C2 /* AppDelegate.swift in Sources */ = {isa = PBXBuildFile; fileRef = A3166E4D2E0589B600E6E1C2 /* AppDelegate.swift */; };
		A3166E5C2E0589B600E6E1C2 /* SceneDelegate.swift in Sources */ = {isa = PBXBuildFile; fileRef = A3166E542E0589B600E6E1C2 /* SceneDelegate.swift */; };
		A3166E5E2E0589B600E6E1C2 /* Assets.xcassets in Resources */ = {isa = PBXBuildFile; fileRef = A3166E4E2E0589B600E6E1C2 /* Assets.xcassets */; };
		A3166E602E0589B600E6E1C2 /* LaunchScreen.storyboard in Resources */ = {isa = PBXBuildFile; fileRef = A3166E512E0589B600E6E1C2 /* LaunchScreen.storyboard */; };
		A3166E612E0589B600E6E1C2 /* Main.storyboard in Resources */ = {isa = PBXBuildFile; fileRef = A3166E532E0589B600E6E1C2 /* Main.storyboard */; };
		A3166E632E058A1800E6E1C2 /* AnalyticsService.swift in Sources */ = {isa = PBXBuildFile; fileRef = A3166E622E058A1800E6E1C2 /* AnalyticsService.swift */; };
		A3166E652E05980D00E6E1C2 /* IAPService.swift in Sources */ = {isa = PBXBuildFile; fileRef = A3166E642E05980D00E6E1C2 /* IAPService.swift */; };
		A3166E672E05982A00E6E1C2 /* NotificationService.swift in Sources */ = {isa = PBXBuildFile; fileRef = A3166E662E05982A00E6E1C2 /* NotificationService.swift */; };
		A3166E702E05A15100E6E1C2 /* POI.swift in Sources */ = {isa = PBXBuildFile; fileRef = A3166E6E2E05A15100E6E1C2 /* POI.swift */; };
		A3166E7D2E05AC5100E6E1C2 /* POIListViewModel.swift in Sources */ = {isa = PBXBuildFile; fileRef = A3166E7B2E05AC5100E6E1C2 /* POIListViewModel.swift */; };
		A3166E8A2E09604E00E6E1C2 /* SettingsViewModel.swift in Sources */ = {isa = PBXBuildFile; fileRef = A3166E872E09604E00E6E1C2 /* SettingsViewModel.swift */; };
		A3166E8D2E09611E00E6E1C2 /* SettingsView.swift in Sources */ = {isa = PBXBuildFile; fileRef = A3166E8C2E09611E00E6E1C2 /* SettingsView.swift */; };
		A3166E932E09A9EE00E6E1C2 /* RealmSwift in Embed Frameworks */ = {isa = PBXBuildFile; productRef = A3166E112E0561DB00E6E1C2 /* RealmSwift */; settings = {ATTRIBUTES = (CodeSignOnCopy, ); }; };
		A3166E962E0AFDB100E6E1C2 /* AnySettingsViewModel.swift in Sources */ = {isa = PBXBuildFile; fileRef = A3166E952E0AFDB100E6E1C2 /* AnySettingsViewModel.swift */; };
		A3166E9C2E0D5BE600E6E1C2 /* OnboardingPage.swift in Sources */ = {isa = PBXBuildFile; fileRef = A3166E9B2E0D5BE600E6E1C2 /* OnboardingPage.swift */; };
		A3166EA22E0D5C3700E6E1C2 /* OnboardingViewModel.swift in Sources */ = {isa = PBXBuildFile; fileRef = A3166EA02E0D5C3700E6E1C2 /* OnboardingViewModel.swift */; };
		A3166EA82E0D609F00E6E1C2 /* OnboardingView.swift in Sources */ = {isa = PBXBuildFile; fileRef = A3166EA62E0D609F00E6E1C2 /* OnboardingView.swift */; };
		A3166EAA2E0D61AB00E6E1C2 /* AnyOnboardingViewModel.swift in Sources */ = {isa = PBXBuildFile; fileRef = A3166EA92E0D61AB00E6E1C2 /* AnyOnboardingViewModel.swift */; };
		A3166F032E0D6E0F00E6E1C2 /* Scalable.swift in Sources */ = {isa = PBXBuildFile; fileRef = A3166F012E0D6E0F00E6E1C2 /* Scalable.swift */; };
		A3166F052E0D6E1800E6E1C2 /* ScreenSize.swift in Sources */ = {isa = PBXBuildFile; fileRef = A3166F042E0D6E1800E6E1C2 /* ScreenSize.swift */; };
		A3166F072E0DB0B500E6E1C2 /* UserDefaults+AppStorage.swift in Sources */ = {isa = PBXBuildFile; fileRef = A3166F062E0DB0B500E6E1C2 /* UserDefaults+AppStorage.swift */; };
		A3166F0A2E10396E00E6E1C2 /* mock_pois_local.json in Resources */ = {isa = PBXBuildFile; fileRef = A3166F092E10396E00E6E1C2 /* mock_pois_local.json */; };
		A3166F0C2E103ECC00E6E1C2 /* RemotePOIService.swift in Sources */ = {isa = PBXBuildFile; fileRef = A3166F0B2E103ECC00E6E1C2 /* RemotePOIService.swift */; };
		A3166F0E2E104A5E00E6E1C2 /* LocalPOIService.swift in Sources */ = {isa = PBXBuildFile; fileRef = A3166F0D2E104A5E00E6E1C2 /* LocalPOIService.swift */; };
		A3166F102E12AA7200E6E1C2 /* RealmPOICache.swift in Sources */ = {isa = PBXBuildFile; fileRef = A3166F0F2E12AA7200E6E1C2 /* RealmPOICache.swift */; };
		A3166F122E1413FC00E6E1C2 /* POIRepository.swift in Sources */ = {isa = PBXBuildFile; fileRef = A3166F112E1413FC00E6E1C2 /* POIRepository.swift */; };
		A3166F142E14196600E6E1C2 /* POICategoryFilter.swift in Sources */ = {isa = PBXBuildFile; fileRef = A3166F132E14196600E6E1C2 /* POICategoryFilter.swift */; };
		A3166F162E141A3500E6E1C2 /* AnyPOIListViewModel.swift in Sources */ = {isa = PBXBuildFile; fileRef = A3166F152E141A3500E6E1C2 /* AnyPOIListViewModel.swift */; };
		A3166F182E141AFF00E6E1C2 /* POIListView.swift in Sources */ = {isa = PBXBuildFile; fileRef = A3166F172E141AFF00E6E1C2 /* POIListView.swift */; };
		A3166F1C2E1577DA00E6E1C2 /* POIImageView.swift in Sources */ = {isa = PBXBuildFile; fileRef = A3166F1B2E1577D900E6E1C2 /* POIImageView.swift */; };
		A323AE232E1C0CF90055264E /* POIAnnotation.swift in Sources */ = {isa = PBXBuildFile; fileRef = A323AE222E1C0CF90055264E /* POIAnnotation.swift */; };
		A323AE252E1C0D0C0055264E /* POIMapViewModel.swift in Sources */ = {isa = PBXBuildFile; fileRef = A323AE242E1C0D0C0055264E /* POIMapViewModel.swift */; };
		A323AE272E1C0D1B0055264E /* AnyPOIMapViewModel.swift in Sources */ = {isa = PBXBuildFile; fileRef = A323AE262E1C0D1B0055264E /* AnyPOIMapViewModel.swift */; };
		A323AE292E1C0D3B0055264E /* POIMapView.swift in Sources */ = {isa = PBXBuildFile; fileRef = A323AE282E1C0D3B0055264E /* POIMapView.swift */; };
		A323AE2B2E1C0D4A0055264E /* MapViewRepresentable.swift in Sources */ = {isa = PBXBuildFile; fileRef = A323AE2A2E1C0D4A0055264E /* MapViewRepresentable.swift */; };
		A323AE2D2E1C0D590055264E /* POISnippetView.swift in Sources */ = {isa = PBXBuildFile; fileRef = A323AE2C2E1C0D590055264E /* POISnippetView.swift */; };
		A323AE302E200E5D0055264E /* POIListCoordinator.swift in Sources */ = {isa = PBXBuildFile; fileRef = A323AE2F2E200E5D0055264E /* POIListCoordinator.swift */; };
		A323AE3E2E213F930055264E /* POIDetailModel.swift in Sources */ = {isa = PBXBuildFile; fileRef = A323AE3D2E213F930055264E /* POIDetailModel.swift */; };
		A323AE422E213FB00055264E /* POIDetailViewModel.swift in Sources */ = {isa = PBXBuildFile; fileRef = A323AE412E213FB00055264E /* POIDetailViewModel.swift */; };
		A323AE452E21421B0055264E /* POIListRouter.swift in Sources */ = {isa = PBXBuildFile; fileRef = A323AE442E21421B0055264E /* POIListRouter.swift */; };
		A323AE4F2E2147630055264E /* POIDetailView.swift in Sources */ = {isa = PBXBuildFile; fileRef = A323AE4E2E2147630055264E /* POIDetailView.swift */; };
		A323AE522E21616B0055264E /* POIServiceProtocol.swift in Sources */ = {isa = PBXBuildFile; fileRef = A323AE512E21616B0055264E /* POIServiceProtocol.swift */; };
		A352EBFB2E9189890011B9D6 /* AppFlags.swift in Sources */ = {isa = PBXBuildFile; fileRef = A352EBFA2E9189890011B9D6 /* AppFlags.swift */; };
		A352EBFE2E93EE1A0011B9D6 /* PushPermissionStatus.swift in Sources */ = {isa = PBXBuildFile; fileRef = A352EBFD2E93EE190011B9D6 /* PushPermissionStatus.swift */; };
		A352EC022E9401950011B9D6 /* PushService.swift in Sources */ = {isa = PBXBuildFile; fileRef = A352EC012E9401950011B9D6 /* PushService.swift */; };
		A352EC042E9401B20011B9D6 /* PushCategoryFactory.swift in Sources */ = {isa = PBXBuildFile; fileRef = A352EC032E9401B20011B9D6 /* PushCategoryFactory.swift */; };
		A352EC062E9401DE0011B9D6 /* PushPayload.swift in Sources */ = {isa = PBXBuildFile; fileRef = A352EC052E9401DE0011B9D6 /* PushPayload.swift */; };
		A352EC0A2E940BA50011B9D6 /* DIContainer+Push.swift in Resources */ = {isa = PBXBuildFile; fileRef = A352EC092E940BA50011B9D6 /* DIContainer+Push.swift */; };
		A352EC0C2E9410880011B9D6 /* DIContainer+UITesting.swift in Resources */ = {isa = PBXBuildFile; fileRef = A352EC0B2E9410880011B9D6 /* DIContainer+UITesting.swift */; };
		A385D5912E37C4FE009C0251 /* POICacheProtocol.swift in Sources */ = {isa = PBXBuildFile; fileRef = A385D5902E37C4FE009C0251 /* POICacheProtocol.swift */; };
		A385D59F2E37C99E009C0251 /* IAPServiceProtocol.swift in Sources */ = {isa = PBXBuildFile; fileRef = A385D59E2E37C99E009C0251 /* IAPServiceProtocol.swift */; };
		A385D5A12E37CAF3009C0251 /* NotificationServiceProtocol.swift in Sources */ = {isa = PBXBuildFile; fileRef = A385D5A02E37CAF3009C0251 /* NotificationServiceProtocol.swift */; };
		A385D5A32E37CB0D009C0251 /* AnalyticsServiceProtocol.swift in Sources */ = {isa = PBXBuildFile; fileRef = A385D5A22E37CB0D009C0251 /* AnalyticsServiceProtocol.swift */; };
		A385D5A52E37CE52009C0251 /* HTTPClient.swift in Sources */ = {isa = PBXBuildFile; fileRef = A385D5A42E37CE52009C0251 /* HTTPClient.swift */; };
		A385D5B22E37D0C6009C0251 /* AppCoordinator.swift in Sources */ = {isa = PBXBuildFile; fileRef = A385D5AD2E37D0C6009C0251 /* AppCoordinator.swift */; };
		A385D5B32E37D0C6009C0251 /* DIContainer.swift in Sources */ = {isa = PBXBuildFile; fileRef = A385D5AF2E37D0C6009C0251 /* DIContainer.swift */; };
		A385D5BA2E37D4AC009C0251 /* MapCoordinator.swift in Sources */ = {isa = PBXBuildFile; fileRef = A385D5B72E37D4AC009C0251 /* MapCoordinator.swift */; };
		A385D5BB2E37D4AC009C0251 /* MapRouter.swift in Sources */ = {isa = PBXBuildFile; fileRef = A385D5B82E37D4AC009C0251 /* MapRouter.swift */; };
		A385D5C02E37D4FC009C0251 /* POIDetailCoordinator.swift in Sources */ = {isa = PBXBuildFile; fileRef = A385D5BD2E37D4FC009C0251 /* POIDetailCoordinator.swift */; };
		A385D5C12E37D4FC009C0251 /* POIDetailRouter.swift in Sources */ = {isa = PBXBuildFile; fileRef = A385D5BE2E37D4FC009C0251 /* POIDetailRouter.swift */; };
		A3914C872E290E5100F8740A /* MapContainer.swift in Sources */ = {isa = PBXBuildFile; fileRef = A3914C862E290E5100F8740A /* MapContainer.swift */; };
		A3B449132E7B0FAC00F13CC1 /* IAPObserver.swift in Sources */ = {isa = PBXBuildFile; fileRef = A3B449122E7B0FAC00F13CC1 /* IAPObserver.swift */; };
		A3B449162E7D807D00F13CC1 /* AppConfig.swift in Sources */ = {isa = PBXBuildFile; fileRef = A3B449152E7D807C00F13CC1 /* AppConfig.swift */; };
		A3F4F7D12E730F82002EEDF2 /* POIListContainer.swift in Sources */ = {isa = PBXBuildFile; fileRef = A3F4F7D02E730F82002EEDF2 /* POIListContainer.swift */; };
		A3F4F7D42E74598C002EEDF2 /* AppRoute.swift in Sources */ = {isa = PBXBuildFile; fileRef = A3F4F7D32E74598C002EEDF2 /* AppRoute.swift */; };
		A3F4F7D62E745996002EEDF2 /* AppRouter.swift in Sources */ = {isa = PBXBuildFile; fileRef = A3F4F7D52E745996002EEDF2 /* AppRouter.swift */; };
/* End PBXBuildFile section */

/* Begin PBXContainerItemProxy section */
		A301D4852E8D8EE400F67A76 /* PBXContainerItemProxy */ = {
			isa = PBXContainerItemProxy;
			containerPortal = A3166DE42E04752500E6E1C2 /* Project object */;
			proxyType = 1;
			remoteGlobalIDString = A3166DEB2E04752500E6E1C2;
			remoteInfo = TravelBuddy;
		};
/* End PBXContainerItemProxy section */

/* Begin PBXCopyFilesBuildPhase section */
		A3166E942E09A9EE00E6E1C2 /* Embed Frameworks */ = {
			isa = PBXCopyFilesBuildPhase;
			buildActionMask = 2147483647;
			dstPath = "";
			dstSubfolderSpec = 10;
			files = (
				A3166E932E09A9EE00E6E1C2 /* RealmSwift in Embed Frameworks */,
			);
			name = "Embed Frameworks";
			runOnlyForDeploymentPostprocessing = 0;
		};
/* End PBXCopyFilesBuildPhase section */

/* Begin PBXFileReference section */
		A301D4482E85882500F67A76 /* README.md */ = {isa = PBXFileReference; lastKnownFileType = net.daringfireball.markdown; path = README.md; sourceTree = "<group>"; };
		A301D4532E85887500F67A76 /* DeepLinkParser.swift */ = {isa = PBXFileReference; lastKnownFileType = sourcecode.swift; path = DeepLinkParser.swift; sourceTree = "<group>"; };
		A301D4542E85887500F67A76 /* DeepLinkService.swift */ = {isa = PBXFileReference; lastKnownFileType = sourcecode.swift; path = DeepLinkService.swift; sourceTree = "<group>"; };
		A301D4652E898ADC00F67A76 /* L10n.swift */ = {isa = PBXFileReference; lastKnownFileType = sourcecode.swift; path = L10n.swift; sourceTree = "<group>"; };
		A301D46A2E8994E600F67A76 /* UITabBarController+Alert.swift */ = {isa = PBXFileReference; lastKnownFileType = sourcecode.swift; path = "UITabBarController+Alert.swift"; sourceTree = "<group>"; };
		A301D4752E8C08A900F67A76 /* ru */ = {isa = PBXFileReference; lastKnownFileType = text.plist.stringsdict; name = ru; path = ru.lproj/Localizable.stringsdict; sourceTree = "<group>"; };
		A301D4762E8C08A900F67A76 /* ru */ = {isa = PBXFileReference; lastKnownFileType = text.plist.strings; name = ru; path = ru.lproj/Localizable.strings; sourceTree = "<group>"; };
		A301D4792E8C08C000F67A76 /* en */ = {isa = PBXFileReference; lastKnownFileType = text.plist.stringsdict; name = en; path = en.lproj/Localizable.stringsdict; sourceTree = "<group>"; };
		A301D47A2E8C08C000F67A76 /* en */ = {isa = PBXFileReference; lastKnownFileType = text.plist.strings; name = en; path = en.lproj/Localizable.strings; sourceTree = "<group>"; };
		A301D47F2E8D8EE400F67A76 /* TravelBuddyUITests.xctest */ = {isa = PBXFileReference; explicitFileType = wrapper.cfbundle; includeInIndex = 0; path = TravelBuddyUITests.xctest; sourceTree = BUILT_PRODUCTS_DIR; };
		A3166DEC2E04752500E6E1C2 /* TravelBuddy.app */ = {isa = PBXFileReference; explicitFileType = wrapper.application; includeInIndex = 0; path = TravelBuddy.app; sourceTree = BUILT_PRODUCTS_DIR; };
		A3166E3C2E0589B600E6E1C2 /* Publisher+Extensions.swift */ = {isa = PBXFileReference; lastKnownFileType = sourcecode.swift; path = "Publisher+Extensions.swift"; sourceTree = "<group>"; };
		A3166E3D2E0589B600E6E1C2 /* UIColor+Hex.swift */ = {isa = PBXFileReference; lastKnownFileType = sourcecode.swift; path = "UIColor+Hex.swift"; sourceTree = "<group>"; };
		A3166E3F2E0589B600E6E1C2 /* HTTPClientProtocol.swift */ = {isa = PBXFileReference; lastKnownFileType = sourcecode.swift; path = HTTPClientProtocol.swift; sourceTree = "<group>"; };
		A3166E492E0589B600E6E1C2 /* DesignTokens.swift */ = {isa = PBXFileReference; lastKnownFileType = sourcecode.swift; path = DesignTokens.swift; sourceTree = "<group>"; };
		A3166E4D2E0589B600E6E1C2 /* AppDelegate.swift */ = {isa = PBXFileReference; lastKnownFileType = sourcecode.swift; path = AppDelegate.swift; sourceTree = "<group>"; };
		A3166E4E2E0589B600E6E1C2 /* Assets.xcassets */ = {isa = PBXFileReference; lastKnownFileType = folder.assetcatalog; path = Assets.xcassets; sourceTree = "<group>"; };
		A3166E502E0589B600E6E1C2 /* Base */ = {isa = PBXFileReference; lastKnownFileType = file.storyboard; name = Base; path = Base.lproj/LaunchScreen.storyboard; sourceTree = "<group>"; };
		A3166E522E0589B600E6E1C2 /* Base */ = {isa = PBXFileReference; lastKnownFileType = file.storyboard; name = Base; path = Base.lproj/Main.storyboard; sourceTree = "<group>"; };
		A3166E542E0589B600E6E1C2 /* SceneDelegate.swift */ = {isa = PBXFileReference; lastKnownFileType = sourcecode.swift; path = SceneDelegate.swift; sourceTree = "<group>"; };
		A3166E622E058A1800E6E1C2 /* AnalyticsService.swift */ = {isa = PBXFileReference; lastKnownFileType = sourcecode.swift; path = AnalyticsService.swift; sourceTree = "<group>"; };
		A3166E642E05980D00E6E1C2 /* IAPService.swift */ = {isa = PBXFileReference; lastKnownFileType = sourcecode.swift; path = IAPService.swift; sourceTree = "<group>"; };
		A3166E662E05982A00E6E1C2 /* NotificationService.swift */ = {isa = PBXFileReference; lastKnownFileType = sourcecode.swift; path = NotificationService.swift; sourceTree = "<group>"; };
		A3166E6E2E05A15100E6E1C2 /* POI.swift */ = {isa = PBXFileReference; lastKnownFileType = sourcecode.swift; path = POI.swift; sourceTree = "<group>"; };
		A3166E7B2E05AC5100E6E1C2 /* POIListViewModel.swift */ = {isa = PBXFileReference; lastKnownFileType = sourcecode.swift; path = POIListViewModel.swift; sourceTree = "<group>"; };
		A3166E872E09604E00E6E1C2 /* SettingsViewModel.swift */ = {isa = PBXFileReference; lastKnownFileType = sourcecode.swift; path = SettingsViewModel.swift; sourceTree = "<group>"; };
		A3166E8C2E09611E00E6E1C2 /* SettingsView.swift */ = {isa = PBXFileReference; lastKnownFileType = sourcecode.swift; path = SettingsView.swift; sourceTree = "<group>"; };
		A3166E952E0AFDB100E6E1C2 /* AnySettingsViewModel.swift */ = {isa = PBXFileReference; lastKnownFileType = sourcecode.swift; path = AnySettingsViewModel.swift; sourceTree = "<group>"; };
		A3166E9B2E0D5BE600E6E1C2 /* OnboardingPage.swift */ = {isa = PBXFileReference; lastKnownFileType = sourcecode.swift; path = OnboardingPage.swift; sourceTree = "<group>"; };
		A3166EA02E0D5C3700E6E1C2 /* OnboardingViewModel.swift */ = {isa = PBXFileReference; lastKnownFileType = sourcecode.swift; path = OnboardingViewModel.swift; sourceTree = "<group>"; };
		A3166EA62E0D609F00E6E1C2 /* OnboardingView.swift */ = {isa = PBXFileReference; lastKnownFileType = sourcecode.swift; path = OnboardingView.swift; sourceTree = "<group>"; };
		A3166EA92E0D61AB00E6E1C2 /* AnyOnboardingViewModel.swift */ = {isa = PBXFileReference; lastKnownFileType = sourcecode.swift; path = AnyOnboardingViewModel.swift; sourceTree = "<group>"; };
		A3166F012E0D6E0F00E6E1C2 /* Scalable.swift */ = {isa = PBXFileReference; lastKnownFileType = sourcecode.swift; path = Scalable.swift; sourceTree = "<group>"; };
		A3166F042E0D6E1800E6E1C2 /* ScreenSize.swift */ = {isa = PBXFileReference; lastKnownFileType = sourcecode.swift; path = ScreenSize.swift; sourceTree = "<group>"; };
		A3166F062E0DB0B500E6E1C2 /* UserDefaults+AppStorage.swift */ = {isa = PBXFileReference; lastKnownFileType = sourcecode.swift; path = "UserDefaults+AppStorage.swift"; sourceTree = "<group>"; };
		A3166F092E10396E00E6E1C2 /* mock_pois_local.json */ = {isa = PBXFileReference; lastKnownFileType = text.json; path = mock_pois_local.json; sourceTree = "<group>"; };
		A3166F0B2E103ECC00E6E1C2 /* RemotePOIService.swift */ = {isa = PBXFileReference; lastKnownFileType = sourcecode.swift; path = RemotePOIService.swift; sourceTree = "<group>"; };
		A3166F0D2E104A5E00E6E1C2 /* LocalPOIService.swift */ = {isa = PBXFileReference; lastKnownFileType = sourcecode.swift; path = LocalPOIService.swift; sourceTree = "<group>"; };
		A3166F0F2E12AA7200E6E1C2 /* RealmPOICache.swift */ = {isa = PBXFileReference; lastKnownFileType = sourcecode.swift; path = RealmPOICache.swift; sourceTree = "<group>"; };
		A3166F112E1413FC00E6E1C2 /* POIRepository.swift */ = {isa = PBXFileReference; lastKnownFileType = sourcecode.swift; path = POIRepository.swift; sourceTree = "<group>"; };
		A3166F132E14196600E6E1C2 /* POICategoryFilter.swift */ = {isa = PBXFileReference; lastKnownFileType = sourcecode.swift; path = POICategoryFilter.swift; sourceTree = "<group>"; };
		A3166F152E141A3500E6E1C2 /* AnyPOIListViewModel.swift */ = {isa = PBXFileReference; lastKnownFileType = sourcecode.swift; path = AnyPOIListViewModel.swift; sourceTree = "<group>"; };
		A3166F172E141AFF00E6E1C2 /* POIListView.swift */ = {isa = PBXFileReference; lastKnownFileType = sourcecode.swift; path = POIListView.swift; sourceTree = "<group>"; };
		A3166F1B2E1577D900E6E1C2 /* POIImageView.swift */ = {isa = PBXFileReference; lastKnownFileType = sourcecode.swift; path = POIImageView.swift; sourceTree = "<group>"; };
		A323AE222E1C0CF90055264E /* POIAnnotation.swift */ = {isa = PBXFileReference; lastKnownFileType = sourcecode.swift; path = POIAnnotation.swift; sourceTree = "<group>"; };
		A323AE242E1C0D0C0055264E /* POIMapViewModel.swift */ = {isa = PBXFileReference; lastKnownFileType = sourcecode.swift; path = POIMapViewModel.swift; sourceTree = "<group>"; };
		A323AE262E1C0D1B0055264E /* AnyPOIMapViewModel.swift */ = {isa = PBXFileReference; lastKnownFileType = sourcecode.swift; path = AnyPOIMapViewModel.swift; sourceTree = "<group>"; };
		A323AE282E1C0D3B0055264E /* POIMapView.swift */ = {isa = PBXFileReference; lastKnownFileType = sourcecode.swift; path = POIMapView.swift; sourceTree = "<group>"; };
		A323AE2A2E1C0D4A0055264E /* MapViewRepresentable.swift */ = {isa = PBXFileReference; lastKnownFileType = sourcecode.swift; path = MapViewRepresentable.swift; sourceTree = "<group>"; };
		A323AE2C2E1C0D590055264E /* POISnippetView.swift */ = {isa = PBXFileReference; lastKnownFileType = sourcecode.swift; path = POISnippetView.swift; sourceTree = "<group>"; };
		A323AE2F2E200E5D0055264E /* POIListCoordinator.swift */ = {isa = PBXFileReference; lastKnownFileType = sourcecode.swift; path = POIListCoordinator.swift; sourceTree = "<group>"; };
		A323AE3D2E213F930055264E /* POIDetailModel.swift */ = {isa = PBXFileReference; lastKnownFileType = sourcecode.swift; path = POIDetailModel.swift; sourceTree = "<group>"; };
		A323AE412E213FB00055264E /* POIDetailViewModel.swift */ = {isa = PBXFileReference; lastKnownFileType = sourcecode.swift; path = POIDetailViewModel.swift; sourceTree = "<group>"; };
		A323AE442E21421B0055264E /* POIListRouter.swift */ = {isa = PBXFileReference; lastKnownFileType = sourcecode.swift; path = POIListRouter.swift; sourceTree = "<group>"; };
		A323AE4E2E2147630055264E /* POIDetailView.swift */ = {isa = PBXFileReference; lastKnownFileType = sourcecode.swift; path = POIDetailView.swift; sourceTree = "<group>"; };
		A323AE512E21616B0055264E /* POIServiceProtocol.swift */ = {isa = PBXFileReference; lastKnownFileType = sourcecode.swift; path = POIServiceProtocol.swift; sourceTree = "<group>"; };
		A352EBFA2E9189890011B9D6 /* AppFlags.swift */ = {isa = PBXFileReference; lastKnownFileType = sourcecode.swift; path = AppFlags.swift; sourceTree = "<group>"; };
		A352EBFD2E93EE190011B9D6 /* PushPermissionStatus.swift */ = {isa = PBXFileReference; lastKnownFileType = sourcecode.swift; path = PushPermissionStatus.swift; sourceTree = "<group>"; };
		A352EC012E9401950011B9D6 /* PushService.swift */ = {isa = PBXFileReference; lastKnownFileType = sourcecode.swift; path = PushService.swift; sourceTree = "<group>"; };
		A352EC032E9401B20011B9D6 /* PushCategoryFactory.swift */ = {isa = PBXFileReference; lastKnownFileType = sourcecode.swift; path = PushCategoryFactory.swift; sourceTree = "<group>"; };
		A352EC052E9401DE0011B9D6 /* PushPayload.swift */ = {isa = PBXFileReference; lastKnownFileType = sourcecode.swift; path = PushPayload.swift; sourceTree = "<group>"; };
		A352EC092E940BA50011B9D6 /* DIContainer+Push.swift */ = {isa = PBXFileReference; lastKnownFileType = sourcecode.swift; path = "DIContainer+Push.swift"; sourceTree = "<group>"; };
		A352EC0B2E9410880011B9D6 /* DIContainer+UITesting.swift */ = {isa = PBXFileReference; lastKnownFileType = sourcecode.swift; path = "DIContainer+UITesting.swift"; sourceTree = "<group>"; };
		A385D5902E37C4FE009C0251 /* POICacheProtocol.swift */ = {isa = PBXFileReference; lastKnownFileType = sourcecode.swift; path = POICacheProtocol.swift; sourceTree = "<group>"; };
		A385D59E2E37C99E009C0251 /* IAPServiceProtocol.swift */ = {isa = PBXFileReference; lastKnownFileType = sourcecode.swift; path = IAPServiceProtocol.swift; sourceTree = "<group>"; };
		A385D5A02E37CAF3009C0251 /* NotificationServiceProtocol.swift */ = {isa = PBXFileReference; lastKnownFileType = sourcecode.swift; path = NotificationServiceProtocol.swift; sourceTree = "<group>"; };
		A385D5A22E37CB0D009C0251 /* AnalyticsServiceProtocol.swift */ = {isa = PBXFileReference; lastKnownFileType = sourcecode.swift; path = AnalyticsServiceProtocol.swift; sourceTree = "<group>"; };
		A385D5A42E37CE52009C0251 /* HTTPClient.swift */ = {isa = PBXFileReference; lastKnownFileType = sourcecode.swift; path = HTTPClient.swift; sourceTree = "<group>"; };
		A385D5AD2E37D0C6009C0251 /* AppCoordinator.swift */ = {isa = PBXFileReference; lastKnownFileType = sourcecode.swift; path = AppCoordinator.swift; sourceTree = "<group>"; };
		A385D5AF2E37D0C6009C0251 /* DIContainer.swift */ = {isa = PBXFileReference; lastKnownFileType = sourcecode.swift; path = DIContainer.swift; sourceTree = "<group>"; };
		A385D5B72E37D4AC009C0251 /* MapCoordinator.swift */ = {isa = PBXFileReference; lastKnownFileType = sourcecode.swift; path = MapCoordinator.swift; sourceTree = "<group>"; };
		A385D5B82E37D4AC009C0251 /* MapRouter.swift */ = {isa = PBXFileReference; lastKnownFileType = sourcecode.swift; path = MapRouter.swift; sourceTree = "<group>"; };
		A385D5BD2E37D4FC009C0251 /* POIDetailCoordinator.swift */ = {isa = PBXFileReference; lastKnownFileType = sourcecode.swift; path = POIDetailCoordinator.swift; sourceTree = "<group>"; };
		A385D5BE2E37D4FC009C0251 /* POIDetailRouter.swift */ = {isa = PBXFileReference; lastKnownFileType = sourcecode.swift; path = POIDetailRouter.swift; sourceTree = "<group>"; };
		A385D5C22E38E61C009C0251 /* Info.plist */ = {isa = PBXFileReference; lastKnownFileType = text.plist.xml; path = Info.plist; sourceTree = "<group>"; };
		A3914C862E290E5100F8740A /* MapContainer.swift */ = {isa = PBXFileReference; lastKnownFileType = sourcecode.swift; path = MapContainer.swift; sourceTree = "<group>"; };
		A3B449122E7B0FAC00F13CC1 /* IAPObserver.swift */ = {isa = PBXFileReference; lastKnownFileType = sourcecode.swift; path = IAPObserver.swift; sourceTree = "<group>"; };
		A3B449152E7D807C00F13CC1 /* AppConfig.swift */ = {isa = PBXFileReference; lastKnownFileType = sourcecode.swift; path = AppConfig.swift; sourceTree = "<group>"; };
		A3F4F7D02E730F82002EEDF2 /* POIListContainer.swift */ = {isa = PBXFileReference; lastKnownFileType = sourcecode.swift; path = POIListContainer.swift; sourceTree = "<group>"; };
		A3F4F7D32E74598C002EEDF2 /* AppRoute.swift */ = {isa = PBXFileReference; lastKnownFileType = sourcecode.swift; path = AppRoute.swift; sourceTree = "<group>"; };
		A3F4F7D52E745996002EEDF2 /* AppRouter.swift */ = {isa = PBXFileReference; lastKnownFileType = sourcecode.swift; path = AppRouter.swift; sourceTree = "<group>"; };
/* End PBXFileReference section */

/* Begin PBXFileSystemSynchronizedRootGroup section */
		A301D4802E8D8EE400F67A76 /* TravelBuddyUITests */ = {
			isa = PBXFileSystemSynchronizedRootGroup;
			path = TravelBuddyUITests;
			sourceTree = "<group>";
		};
		A31670132E16A8CD00E6E1C2 /* POIImages */ = {
			isa = PBXFileSystemSynchronizedRootGroup;
			path = POIImages;
			sourceTree = "<group>";
		};
/* End PBXFileSystemSynchronizedRootGroup section */

/* Begin PBXFrameworksBuildPhase section */
		A301D47C2E8D8EE400F67A76 /* Frameworks */ = {
			isa = PBXFrameworksBuildPhase;
			buildActionMask = 2147483647;
			files = (
			);
			runOnlyForDeploymentPostprocessing = 0;
		};
		A3166DE92E04752500E6E1C2 /* Frameworks */ = {
			isa = PBXFrameworksBuildPhase;
			buildActionMask = 2147483647;
			files = (
				A3166E122E0561DB00E6E1C2 /* RealmSwift in Frameworks */,
				A3166E152E05625800E6E1C2 /* Alamofire in Frameworks */,
				A3166E062E0476E700E6E1C2 /* Swinject in Frameworks */,
				A3166E0D2E05613600E6E1C2 /* FirebaseCrashlytics in Frameworks */,
				A3166E0B2E05613600E6E1C2 /* FirebaseAnalytics in Frameworks */,
			);
			runOnlyForDeploymentPostprocessing = 0;
		};
/* End PBXFrameworksBuildPhase section */

/* Begin PBXGroup section */
		A301D4572E85887500F67A76 /* Deeplink */ = {
			isa = PBXGroup;
			children = (
				A301D4532E85887500F67A76 /* DeepLinkParser.swift */,
				A301D4542E85887500F67A76 /* DeepLinkService.swift */,
			);
			path = Deeplink;
			sourceTree = "<group>";
		};
		A301D4642E898AC900F67A76 /* L10n */ = {
			isa = PBXGroup;
			children = (
				A301D4652E898ADC00F67A76 /* L10n.swift */,
			);
			path = L10n;
			sourceTree = "<group>";
		};
		A3166DE32E04752500E6E1C2 = {
			isa = PBXGroup;
			children = (
				A3166E562E0589B600E6E1C2 /* TravelBuddy */,
				A3166E4E2E0589B600E6E1C2 /* Assets.xcassets */,
				A3166E512E0589B600E6E1C2 /* LaunchScreen.storyboard */,
				A3166E532E0589B600E6E1C2 /* Main.storyboard */,
				A385D5C22E38E61C009C0251 /* Info.plist */,
				A301D4802E8D8EE400F67A76 /* TravelBuddyUITests */,
				A3166DED2E04752500E6E1C2 /* Products */,
				A31670132E16A8CD00E6E1C2 /* POIImages */,
			);
			sourceTree = "<group>";
		};
		A3166DED2E04752500E6E1C2 /* Products */ = {
			isa = PBXGroup;
			children = (
				A3166DEC2E04752500E6E1C2 /* TravelBuddy.app */,
				A301D47F2E8D8EE400F67A76 /* TravelBuddyUITests.xctest */,
			);
			name = Products;
			sourceTree = "<group>";
		};
		A3166E3E2E0589B600E6E1C2 /* Extensions */ = {
			isa = PBXGroup;
			children = (
				A301D46A2E8994E600F67A76 /* UITabBarController+Alert.swift */,
				A3166E3C2E0589B600E6E1C2 /* Publisher+Extensions.swift */,
				A3166F062E0DB0B500E6E1C2 /* UserDefaults+AppStorage.swift */,
				A3166E3D2E0589B600E6E1C2 /* UIColor+Hex.swift */,
			);
			path = Extensions;
			sourceTree = "<group>";
		};
		A3166E402E0589B600E6E1C2 /* Core */ = {
			isa = PBXGroup;
			children = (
				A301D4642E898AC900F67A76 /* L10n */,
				A3B449142E7D7FD200F13CC1 /* Config */,
				A3F4F7D22E745978002EEDF2 /* Navigation */,
				A3166E3E2E0589B600E6E1C2 /* Extensions */,
				A3166F022E0D6E0F00E6E1C2 /* Utils */,
			);
			path = Core;
			sourceTree = "<group>";
		};
		A3166E422E0589B600E6E1C2 /* AudioGuide */ = {
			isa = PBXGroup;
			children = (
			);
			path = AudioGuide;
			sourceTree = "<group>";
		};
		A3166E432E0589B600E6E1C2 /* BLEScanner */ = {
			isa = PBXGroup;
			children = (
			);
			path = BLEScanner;
			sourceTree = "<group>";
		};
		A3166E442E0589B600E6E1C2 /* Map */ = {
			isa = PBXGroup;
			children = (
				A323AE192E1BE3110055264E /* Models */,
				A323AE1F2E1BE3830055264E /* ViewModels */,
				A323AE1A2E1BE3250055264E /* Views */,
				A385D5B92E37D4AC009C0251 /* Navigation */,
			);
			path = Map;
			sourceTree = "<group>";
		};
		A3166E452E0589B600E6E1C2 /* Photo */ = {
			isa = PBXGroup;
			children = (
			);
			path = Photo;
			sourceTree = "<group>";
		};
		A3166E462E0589B600E6E1C2 /* POIList */ = {
			isa = PBXGroup;
			children = (
				A3166E782E05AAA800E6E1C2 /* Views */,
				A3166E7C2E05AC5100E6E1C2 /* ViewModels */,
				A385D5B52E37D216009C0251 /* Navigation */,
			);
			path = POIList;
			sourceTree = "<group>";
		};
		A3166E472E0589B600E6E1C2 /* Settings */ = {
			isa = PBXGroup;
			children = (
				A3166E892E09604E00E6E1C2 /* ViewModelя */,
				A3166E862E09604500E6E1C2 /* Views */,
			);
			path = Settings;
			sourceTree = "<group>";
		};
		A3166E482E0589B600E6E1C2 /* Scenes */ = {
			isa = PBXGroup;
			children = (
				A3166E982E0D5BC400E6E1C2 /* Onboarding */,
				A3166E472E0589B600E6E1C2 /* Settings */,
				A3166E462E0589B600E6E1C2 /* POIList */,
				A323AE382E213F420055264E /* POIDetail */,
				A3166E442E0589B600E6E1C2 /* Map */,
				A3166E422E0589B600E6E1C2 /* AudioGuide */,
				A3166E432E0589B600E6E1C2 /* BLEScanner */,
			);
			path = Scenes;
			sourceTree = "<group>";
		};
		A3166E4A2E0589B600E6E1C2 /* Generated */ = {
			isa = PBXGroup;
			children = (
				A3166E492E0589B600E6E1C2 /* DesignTokens.swift */,
			);
			path = Generated;
			sourceTree = "<group>";
		};
		A3166E4B2E0589B600E6E1C2 /* Resources */ = {
			isa = PBXGroup;
			children = (
				A301D4732E8C08A900F67A76 /* Localizable.strings */,
				A301D4742E8C08A900F67A76 /* Localizable.stringsdict */,
				A3166F082E10395500E6E1C2 /* Mocks */,
			);
			path = Resources;
			sourceTree = "<group>";
		};
		A3166E4C2E0589B600E6E1C2 /* Infrastructure */ = {
			isa = PBXGroup;
			children = (
				A352EBFC2E93EE000011B9D6 /* Push */,
				A385D5972E37C894009C0251 /* Network */,
				A385D5962E37C894009C0251 /* POI */,
				A385D5952E37C894009C0251 /* Services */,
			);
			path = Infrastructure;
			sourceTree = "<group>";
		};
		A3166E562E0589B600E6E1C2 /* TravelBuddy */ = {
			isa = PBXGroup;
			children = (
				A301D4482E85882500F67A76 /* README.md */,
				A385D5B12E37D0C6009C0251 /* App */,
				A385D58D2E37A14F009C0251 /* Presentation */,
				A3166E4C2E0589B600E6E1C2 /* Infrastructure */,
				A323AE552E253BB20055264E /* Domain */,
				A3166E402E0589B600E6E1C2 /* Core */,
				A3166E4B2E0589B600E6E1C2 /* Resources */,
				A3166E4A2E0589B600E6E1C2 /* Generated */,
				A3166E452E0589B600E6E1C2 /* Photo */,
			);
			path = TravelBuddy;
			sourceTree = "<group>";
		};
		A3166E6F2E05A15100E6E1C2 /* Models */ = {
			isa = PBXGroup;
			children = (
				A3166E6E2E05A15100E6E1C2 /* POI.swift */,
			);
			path = Models;
			sourceTree = "<group>";
		};
		A3166E782E05AAA800E6E1C2 /* Views */ = {
			isa = PBXGroup;
			children = (
				A3166F172E141AFF00E6E1C2 /* POIListView.swift */,
				A3F4F7D02E730F82002EEDF2 /* POIListContainer.swift */,
				A3166F1B2E1577D900E6E1C2 /* POIImageView.swift */,
			);
			path = Views;
			sourceTree = "<group>";
		};
		A3166E7C2E05AC5100E6E1C2 /* ViewModels */ = {
			isa = PBXGroup;
			children = (
				A3166E7B2E05AC5100E6E1C2 /* POIListViewModel.swift */,
				A3166F152E141A3500E6E1C2 /* AnyPOIListViewModel.swift */,
			);
			path = ViewModels;
			sourceTree = "<group>";
		};
		A3166E862E09604500E6E1C2 /* Views */ = {
			isa = PBXGroup;
			children = (
				A3166E8C2E09611E00E6E1C2 /* SettingsView.swift */,
			);
			path = Views;
			sourceTree = "<group>";
		};
		A3166E892E09604E00E6E1C2 /* ViewModelя */ = {
			isa = PBXGroup;
			children = (
				A3166E872E09604E00E6E1C2 /* SettingsViewModel.swift */,
				A3166E952E0AFDB100E6E1C2 /* AnySettingsViewModel.swift */,
			);
			path = "ViewModelя";
			sourceTree = "<group>";
		};
		A3166E982E0D5BC400E6E1C2 /* Onboarding */ = {
			isa = PBXGroup;
			children = (
				A3166E9A2E0D5BDB00E6E1C2 /* Models */,
				A3166EA12E0D5C3700E6E1C2 /* ViewModels */,
				A3166EA72E0D609F00E6E1C2 /* Views */,
			);
			path = Onboarding;
			sourceTree = "<group>";
		};
		A3166E9A2E0D5BDB00E6E1C2 /* Models */ = {
			isa = PBXGroup;
			children = (
				A3166E9B2E0D5BE600E6E1C2 /* OnboardingPage.swift */,
			);
			path = Models;
			sourceTree = "<group>";
		};
		A3166EA12E0D5C3700E6E1C2 /* ViewModels */ = {
			isa = PBXGroup;
			children = (
				A3166EA02E0D5C3700E6E1C2 /* OnboardingViewModel.swift */,
				A3166EA92E0D61AB00E6E1C2 /* AnyOnboardingViewModel.swift */,
			);
			path = ViewModels;
			sourceTree = "<group>";
		};
		A3166EA72E0D609F00E6E1C2 /* Views */ = {
			isa = PBXGroup;
			children = (
				A3166EA62E0D609F00E6E1C2 /* OnboardingView.swift */,
			);
			path = Views;
			sourceTree = "<group>";
		};
		A3166F022E0D6E0F00E6E1C2 /* Utils */ = {
			isa = PBXGroup;
			children = (
				A3166F012E0D6E0F00E6E1C2 /* Scalable.swift */,
				A3166F042E0D6E1800E6E1C2 /* ScreenSize.swift */,
			);
			path = Utils;
			sourceTree = "<group>";
		};
		A3166F082E10395500E6E1C2 /* Mocks */ = {
			isa = PBXGroup;
			children = (
				A3166F092E10396E00E6E1C2 /* mock_pois_local.json */,
			);
			path = Mocks;
			sourceTree = "<group>";
		};
		A323AE192E1BE3110055264E /* Models */ = {
			isa = PBXGroup;
			children = (
				A323AE222E1C0CF90055264E /* POIAnnotation.swift */,
			);
			path = Models;
			sourceTree = "<group>";
		};
		A323AE1A2E1BE3250055264E /* Views */ = {
			isa = PBXGroup;
			children = (
				A3914C862E290E5100F8740A /* MapContainer.swift */,
				A323AE282E1C0D3B0055264E /* POIMapView.swift */,
				A323AE2A2E1C0D4A0055264E /* MapViewRepresentable.swift */,
				A323AE2C2E1C0D590055264E /* POISnippetView.swift */,
			);
			path = Views;
			sourceTree = "<group>";
		};
		A323AE1F2E1BE3830055264E /* ViewModels */ = {
			isa = PBXGroup;
			children = (
				A323AE262E1C0D1B0055264E /* AnyPOIMapViewModel.swift */,
				A323AE242E1C0D0C0055264E /* POIMapViewModel.swift */,
			);
			path = ViewModels;
			sourceTree = "<group>";
		};
		A323AE382E213F420055264E /* POIDetail */ = {
			isa = PBXGroup;
			children = (
				A323AE3C2E213F840055264E /* Models */,
				A323AE3B2E213F7D0055264E /* ViewModels */,
				A323AE3A2E213F780055264E /* Views */,
				A385D5BF2E37D4FC009C0251 /* Navigation */,
			);
			path = POIDetail;
			sourceTree = "<group>";
		};
		A323AE3A2E213F780055264E /* Views */ = {
			isa = PBXGroup;
			children = (
				A323AE4E2E2147630055264E /* POIDetailView.swift */,
			);
			path = Views;
			sourceTree = "<group>";
		};
		A323AE3B2E213F7D0055264E /* ViewModels */ = {
			isa = PBXGroup;
			children = (
				A323AE412E213FB00055264E /* POIDetailViewModel.swift */,
			);
			path = ViewModels;
			sourceTree = "<group>";
		};
		A323AE3C2E213F840055264E /* Models */ = {
			isa = PBXGroup;
			children = (
				A323AE3D2E213F930055264E /* POIDetailModel.swift */,
			);
			path = Models;
			sourceTree = "<group>";
		};
		A323AE502E21613E0055264E /* POI */ = {
			isa = PBXGroup;
			children = (
				A385D58E2E37C42D009C0251 /* Enums */,
				A3166E6F2E05A15100E6E1C2 /* Models */,
				A323AE532E2161780055264E /* Protocols */,
			);
			path = POI;
			sourceTree = "<group>";
		};
		A323AE532E2161780055264E /* Protocols */ = {
			isa = PBXGroup;
			children = (
				A385D5902E37C4FE009C0251 /* POICacheProtocol.swift */,
				A323AE512E21616B0055264E /* POIServiceProtocol.swift */,
			);
			path = Protocols;
			sourceTree = "<group>";
		};
		A323AE552E253BB20055264E /* Domain */ = {
			isa = PBXGroup;
			children = (
				A323AE502E21613E0055264E /* POI */,
			);
			path = Domain;
			sourceTree = "<group>";
		};
		A352EBF92E91897D0011B9D6 /* Helpers */ = {
			isa = PBXGroup;
			children = (
				A352EBFA2E9189890011B9D6 /* AppFlags.swift */,
			);
			path = Helpers;
			sourceTree = "<group>";
		};
		A352EBFC2E93EE000011B9D6 /* Push */ = {
			isa = PBXGroup;
			children = (
				A352EC052E9401DE0011B9D6 /* PushPayload.swift */,
				A352EC032E9401B20011B9D6 /* PushCategoryFactory.swift */,
				A352EC012E9401950011B9D6 /* PushService.swift */,
				A352EBFD2E93EE190011B9D6 /* PushPermissionStatus.swift */,
			);
			path = Push;
			sourceTree = "<group>";
		};
		A385D58D2E37A14F009C0251 /* Presentation */ = {
			isa = PBXGroup;
			children = (
				A3166E482E0589B600E6E1C2 /* Scenes */,
			);
			path = Presentation;
			sourceTree = "<group>";
		};
		A385D58E2E37C42D009C0251 /* Enums */ = {
			isa = PBXGroup;
			children = (
				A3166F132E14196600E6E1C2 /* POICategoryFilter.swift */,
			);
			path = Enums;
			sourceTree = "<group>";
		};
		A385D5952E37C894009C0251 /* Services */ = {
			isa = PBXGroup;
			children = (
				A385D59B2E37C8B8009C0251 /* Notification */,
				A385D59D2E37C8B8009C0251 /* IAP */,
				A385D59C2E37C8B8009C0251 /* Analytics */,
			);
			path = Services;
			sourceTree = "<group>";
		};
		A385D5962E37C894009C0251 /* POI */ = {
			isa = PBXGroup;
			children = (
				A3166F112E1413FC00E6E1C2 /* POIRepository.swift */,
				A3166F0B2E103ECC00E6E1C2 /* RemotePOIService.swift */,
				A3166F0D2E104A5E00E6E1C2 /* LocalPOIService.swift */,
				A3166F0F2E12AA7200E6E1C2 /* RealmPOICache.swift */,
			);
			path = POI;
			sourceTree = "<group>";
		};
		A385D5972E37C894009C0251 /* Network */ = {
			isa = PBXGroup;
			children = (
				A3166E3F2E0589B600E6E1C2 /* HTTPClientProtocol.swift */,
				A385D5A42E37CE52009C0251 /* HTTPClient.swift */,
			);
			path = Network;
			sourceTree = "<group>";
		};
		A385D59B2E37C8B8009C0251 /* Notification */ = {
			isa = PBXGroup;
			children = (
				A3166E662E05982A00E6E1C2 /* NotificationService.swift */,
				A385D5A02E37CAF3009C0251 /* NotificationServiceProtocol.swift */,
			);
			path = Notification;
			sourceTree = "<group>";
		};
		A385D59C2E37C8B8009C0251 /* Analytics */ = {
			isa = PBXGroup;
			children = (
				A3166E622E058A1800E6E1C2 /* AnalyticsService.swift */,
				A385D5A22E37CB0D009C0251 /* AnalyticsServiceProtocol.swift */,
			);
			path = Analytics;
			sourceTree = "<group>";
		};
		A385D59D2E37C8B8009C0251 /* IAP */ = {
			isa = PBXGroup;
			children = (
				A3B449122E7B0FAC00F13CC1 /* IAPObserver.swift */,
				A385D59E2E37C99E009C0251 /* IAPServiceProtocol.swift */,
				A3166E642E05980D00E6E1C2 /* IAPService.swift */,
			);
			path = IAP;
			sourceTree = "<group>";
		};
		A385D5AE2E37D0C6009C0251 /* Coordinators */ = {
			isa = PBXGroup;
			children = (
				A385D5AD2E37D0C6009C0251 /* AppCoordinator.swift */,
			);
			path = Coordinators;
			sourceTree = "<group>";
		};
		A385D5B02E37D0C6009C0251 /* DI */ = {
			isa = PBXGroup;
			children = (
				A352EC0B2E9410880011B9D6 /* DIContainer+UITesting.swift */,
				A352EC092E940BA50011B9D6 /* DIContainer+Push.swift */,
				A385D5AF2E37D0C6009C0251 /* DIContainer.swift */,
			);
			path = DI;
			sourceTree = "<group>";
		};
		A385D5B12E37D0C6009C0251 /* App */ = {
			isa = PBXGroup;
			children = (
				A352EBF92E91897D0011B9D6 /* Helpers */,
				A301D4572E85887500F67A76 /* Deeplink */,
				A3166E4D2E0589B600E6E1C2 /* AppDelegate.swift */,
				A3166E542E0589B600E6E1C2 /* SceneDelegate.swift */,
				A385D5AE2E37D0C6009C0251 /* Coordinators */,
				A385D5B02E37D0C6009C0251 /* DI */,
			);
			path = App;
			sourceTree = "<group>";
		};
		A385D5B52E37D216009C0251 /* Navigation */ = {
			isa = PBXGroup;
			children = (
				A323AE442E21421B0055264E /* POIListRouter.swift */,
				A323AE2F2E200E5D0055264E /* POIListCoordinator.swift */,
			);
			path = Navigation;
			sourceTree = "<group>";
		};
		A385D5B92E37D4AC009C0251 /* Navigation */ = {
			isa = PBXGroup;
			children = (
				A385D5B72E37D4AC009C0251 /* MapCoordinator.swift */,
				A385D5B82E37D4AC009C0251 /* MapRouter.swift */,
			);
			path = Navigation;
			sourceTree = "<group>";
		};
		A385D5BF2E37D4FC009C0251 /* Navigation */ = {
			isa = PBXGroup;
			children = (
				A385D5BD2E37D4FC009C0251 /* POIDetailCoordinator.swift */,
				A385D5BE2E37D4FC009C0251 /* POIDetailRouter.swift */,
			);
			path = Navigation;
			sourceTree = "<group>";
		};
		A3B449142E7D7FD200F13CC1 /* Config */ = {
			isa = PBXGroup;
			children = (
				A3B449152E7D807C00F13CC1 /* AppConfig.swift */,
			);
			path = Config;
			sourceTree = "<group>";
		};
		A3F4F7D22E745978002EEDF2 /* Navigation */ = {
			isa = PBXGroup;
			children = (
				A3F4F7D32E74598C002EEDF2 /* AppRoute.swift */,
				A3F4F7D52E745996002EEDF2 /* AppRouter.swift */,
			);
			path = Navigation;
			sourceTree = "<group>";
		};
/* End PBXGroup section */

/* Begin PBXNativeTarget section */
		A301D47E2E8D8EE400F67A76 /* TravelBuddyUITests */ = {
			isa = PBXNativeTarget;
			buildConfigurationList = A301D4872E8D8EE400F67A76 /* Build configuration list for PBXNativeTarget "TravelBuddyUITests" */;
			buildPhases = (
				A301D47B2E8D8EE400F67A76 /* Sources */,
				A301D47C2E8D8EE400F67A76 /* Frameworks */,
				A301D47D2E8D8EE400F67A76 /* Resources */,
			);
			buildRules = (
			);
			dependencies = (
				A301D4862E8D8EE400F67A76 /* PBXTargetDependency */,
			);
			fileSystemSynchronizedGroups = (
				A301D4802E8D8EE400F67A76 /* TravelBuddyUITests */,
			);
			name = TravelBuddyUITests;
			packageProductDependencies = (
			);
			productName = TravelBuddyUITests;
			productReference = A301D47F2E8D8EE400F67A76 /* TravelBuddyUITests.xctest */;
			productType = "com.apple.product-type.bundle.ui-testing";
		};
		A3166DEB2E04752500E6E1C2 /* TravelBuddy */ = {
			isa = PBXNativeTarget;
			buildConfigurationList = A3166DFF2E04752700E6E1C2 /* Build configuration list for PBXNativeTarget "TravelBuddy" */;
			buildPhases = (
				A3166DE82E04752500E6E1C2 /* Sources */,
				A3166DE92E04752500E6E1C2 /* Frameworks */,
				A3166DEA2E04752500E6E1C2 /* Resources */,
				A3166E942E09A9EE00E6E1C2 /* Embed Frameworks */,
			);
			buildRules = (
			);
			dependencies = (
			);
			fileSystemSynchronizedGroups = (
				A31670132E16A8CD00E6E1C2 /* POIImages */,
			);
			name = TravelBuddy;
			packageProductDependencies = (
				A3166E052E0476E700E6E1C2 /* Swinject */,
				A3166E0A2E05613600E6E1C2 /* FirebaseAnalytics */,
				A3166E0C2E05613600E6E1C2 /* FirebaseCrashlytics */,
				A3166E112E0561DB00E6E1C2 /* RealmSwift */,
				A3166E142E05625800E6E1C2 /* Alamofire */,
			);
			productName = TravelBuddy;
			productReference = A3166DEC2E04752500E6E1C2 /* TravelBuddy.app */;
			productType = "com.apple.product-type.application";
		};
/* End PBXNativeTarget section */

/* Begin PBXProject section */
		A3166DE42E04752500E6E1C2 /* Project object */ = {
			isa = PBXProject;
			attributes = {
				BuildIndependentTargetsInParallel = 1;
				LastSwiftUpdateCheck = 2600;
				LastUpgradeCheck = 1600;
				TargetAttributes = {
					A301D47E2E8D8EE400F67A76 = {
						CreatedOnToolsVersion = 26.0;
						TestTargetID = A3166DEB2E04752500E6E1C2;
					};
					A3166DEB2E04752500E6E1C2 = {
						CreatedOnToolsVersion = 16.0;
					};
				};
			};
			buildConfigurationList = A3166DE72E04752500E6E1C2 /* Build configuration list for PBXProject "TravelBuddy" */;
			developmentRegion = en;
			hasScannedForEncodings = 0;
			knownRegions = (
				en,
				Base,
				ru,
			);
			mainGroup = A3166DE32E04752500E6E1C2;
			minimizedProjectReferenceProxies = 1;
			packageReferences = (
				A3166E042E0476E700E6E1C2 /* XCRemoteSwiftPackageReference "Swinject" */,
				A3166E092E05613600E6E1C2 /* XCRemoteSwiftPackageReference "firebase-ios-sdk" */,
				A3166E0E2E0561DB00E6E1C2 /* XCRemoteSwiftPackageReference "realm-cocoa" */,
				A3166E132E05625800E6E1C2 /* XCRemoteSwiftPackageReference "Alamofire" */,
			);
			preferredProjectObjectVersion = 77;
			productRefGroup = A3166DED2E04752500E6E1C2 /* Products */;
			projectDirPath = "";
			projectRoot = "";
			targets = (
				A3166DEB2E04752500E6E1C2 /* TravelBuddy */,
				A301D47E2E8D8EE400F67A76 /* TravelBuddyUITests */,
			);
		};
/* End PBXProject section */

/* Begin PBXResourcesBuildPhase section */
		A301D47D2E8D8EE400F67A76 /* Resources */ = {
			isa = PBXResourcesBuildPhase;
			buildActionMask = 2147483647;
			files = (
			);
			runOnlyForDeploymentPostprocessing = 0;
		};
		A3166DEA2E04752500E6E1C2 /* Resources */ = {
			isa = PBXResourcesBuildPhase;
			buildActionMask = 2147483647;
			files = (
				A352EC0C2E9410880011B9D6 /* DIContainer+UITesting.swift in Resources */,
				A301D4772E8C08A900F67A76 /* Localizable.strings in Resources */,
				A301D4782E8C08A900F67A76 /* Localizable.stringsdict in Resources */,
				A3166E5E2E0589B600E6E1C2 /* Assets.xcassets in Resources */,
				A3166E602E0589B600E6E1C2 /* LaunchScreen.storyboard in Resources */,
				A352EC0A2E940BA50011B9D6 /* DIContainer+Push.swift in Resources */,
				A3166F0A2E10396E00E6E1C2 /* mock_pois_local.json in Resources */,
				A301D4492E85882500F67A76 /* README.md in Resources */,
				A3166E612E0589B600E6E1C2 /* Main.storyboard in Resources */,
			);
			runOnlyForDeploymentPostprocessing = 0;
		};
/* End PBXResourcesBuildPhase section */

/* Begin PBXSourcesBuildPhase section */
		A301D47B2E8D8EE400F67A76 /* Sources */ = {
			isa = PBXSourcesBuildPhase;
			buildActionMask = 2147483647;
			files = (
			);
			runOnlyForDeploymentPostprocessing = 0;
		};
		A3166DE82E04752500E6E1C2 /* Sources */ = {
			isa = PBXSourcesBuildPhase;
			buildActionMask = 2147483647;
			files = (
				A3166F0E2E104A5E00E6E1C2 /* LocalPOIService.swift in Sources */,
				A3166E572E0589B600E6E1C2 /* Publisher+Extensions.swift in Sources */,
				A352EBFE2E93EE1A0011B9D6 /* PushPermissionStatus.swift in Sources */,
				A3F4F7D62E745996002EEDF2 /* AppRouter.swift in Sources */,
				A3166E582E0589B600E6E1C2 /* UIColor+Hex.swift in Sources */,
				A3166F122E1413FC00E6E1C2 /* POIRepository.swift in Sources */,
				A3166E8A2E09604E00E6E1C2 /* SettingsViewModel.swift in Sources */,
				A3166F072E0DB0B500E6E1C2 /* UserDefaults+AppStorage.swift in Sources */,
				A352EC042E9401B20011B9D6 /* PushCategoryFactory.swift in Sources */,
				A323AE2B2E1C0D4A0055264E /* MapViewRepresentable.swift in Sources */,
				A3166E8D2E09611E00E6E1C2 /* SettingsView.swift in Sources */,
				A301D4662E898ADC00F67A76 /* L10n.swift in Sources */,
				A3914C872E290E5100F8740A /* MapContainer.swift in Sources */,
				A385D5A32E37CB0D009C0251 /* AnalyticsServiceProtocol.swift in Sources */,
				A323AE232E1C0CF90055264E /* POIAnnotation.swift in Sources */,
				A385D5A52E37CE52009C0251 /* HTTPClient.swift in Sources */,
				A3166E702E05A15100E6E1C2 /* POI.swift in Sources */,
				A3166F142E14196600E6E1C2 /* POICategoryFilter.swift in Sources */,
				A323AE452E21421B0055264E /* POIListRouter.swift in Sources */,
				A385D5C02E37D4FC009C0251 /* POIDetailCoordinator.swift in Sources */,
				A385D5C12E37D4FC009C0251 /* POIDetailRouter.swift in Sources */,
				A385D5B22E37D0C6009C0251 /* AppCoordinator.swift in Sources */,
				A352EC062E9401DE0011B9D6 /* PushPayload.swift in Sources */,
				A385D5B32E37D0C6009C0251 /* DIContainer.swift in Sources */,
				A323AE2D2E1C0D590055264E /* POISnippetView.swift in Sources */,
				A3B449162E7D807D00F13CC1 /* AppConfig.swift in Sources */,
				A3166E652E05980D00E6E1C2 /* IAPService.swift in Sources */,
				A323AE522E21616B0055264E /* POIServiceProtocol.swift in Sources */,
				A3166F182E141AFF00E6E1C2 /* POIListView.swift in Sources */,
				A323AE422E213FB00055264E /* POIDetailViewModel.swift in Sources */,
				A3166F162E141A3500E6E1C2 /* AnyPOIListViewModel.swift in Sources */,
				A3F4F7D12E730F82002EEDF2 /* POIListContainer.swift in Sources */,
				A3166E632E058A1800E6E1C2 /* AnalyticsService.swift in Sources */,
				A323AE302E200E5D0055264E /* POIListCoordinator.swift in Sources */,
				A3166F102E12AA7200E6E1C2 /* RealmPOICache.swift in Sources */,
				A352EBFB2E9189890011B9D6 /* AppFlags.swift in Sources */,
				A3166E592E0589B600E6E1C2 /* HTTPClientProtocol.swift in Sources */,
				A3166E5A2E0589B600E6E1C2 /* DesignTokens.swift in Sources */,
				A3166E5B2E0589B600E6E1C2 /* AppDelegate.swift in Sources */,
				A3F4F7D42E74598C002EEDF2 /* AppRoute.swift in Sources */,
				A385D5BA2E37D4AC009C0251 /* MapCoordinator.swift in Sources */,
				A385D5BB2E37D4AC009C0251 /* MapRouter.swift in Sources */,
				A385D5912E37C4FE009C0251 /* POICacheProtocol.swift in Sources */,
				A301D46B2E8994E600F67A76 /* UITabBarController+Alert.swift in Sources */,
				A3166F0C2E103ECC00E6E1C2 /* RemotePOIService.swift in Sources */,
				A3166F1C2E1577DA00E6E1C2 /* POIImageView.swift in Sources */,
				A385D59F2E37C99E009C0251 /* IAPServiceProtocol.swift in Sources */,
				A323AE272E1C0D1B0055264E /* AnyPOIMapViewModel.swift in Sources */,
				A323AE292E1C0D3B0055264E /* POIMapView.swift in Sources */,
				A385D5A12E37CAF3009C0251 /* NotificationServiceProtocol.swift in Sources */,
				A323AE4F2E2147630055264E /* POIDetailView.swift in Sources */,
				A3166EAA2E0D61AB00E6E1C2 /* AnyOnboardingViewModel.swift in Sources */,
				A323AE252E1C0D0C0055264E /* POIMapViewModel.swift in Sources */,
				A3166E5C2E0589B600E6E1C2 /* SceneDelegate.swift in Sources */,
				A323AE3E2E213F930055264E /* POIDetailModel.swift in Sources */,
				A301D4582E85887500F67A76 /* DeepLinkParser.swift in Sources */,
				A301D4592E85887500F67A76 /* DeepLinkService.swift in Sources */,
				A3166E672E05982A00E6E1C2 /* NotificationService.swift in Sources */,
				A3B449132E7B0FAC00F13CC1 /* IAPObserver.swift in Sources */,
				A3166F032E0D6E0F00E6E1C2 /* Scalable.swift in Sources */,
				A3166E962E0AFDB100E6E1C2 /* AnySettingsViewModel.swift in Sources */,
				A3166F052E0D6E1800E6E1C2 /* ScreenSize.swift in Sources */,
				A3166E7D2E05AC5100E6E1C2 /* POIListViewModel.swift in Sources */,
				A3166EA22E0D5C3700E6E1C2 /* OnboardingViewModel.swift in Sources */,
				A3166E9C2E0D5BE600E6E1C2 /* OnboardingPage.swift in Sources */,
				A352EC022E9401950011B9D6 /* PushService.swift in Sources */,
				A3166EA82E0D609F00E6E1C2 /* OnboardingView.swift in Sources */,
			);
			runOnlyForDeploymentPostprocessing = 0;
		};
/* End PBXSourcesBuildPhase section */

/* Begin PBXTargetDependency section */
		A301D4862E8D8EE400F67A76 /* PBXTargetDependency */ = {
			isa = PBXTargetDependency;
			target = A3166DEB2E04752500E6E1C2 /* TravelBuddy */;
			targetProxy = A301D4852E8D8EE400F67A76 /* PBXContainerItemProxy */;
		};
/* End PBXTargetDependency section */

/* Begin PBXVariantGroup section */
		A301D4732E8C08A900F67A76 /* Localizable.strings */ = {
			isa = PBXVariantGroup;
			children = (
				A301D47A2E8C08C000F67A76 /* en */,
				A301D4762E8C08A900F67A76 /* ru */,
			);
			name = Localizable.strings;
			sourceTree = "<group>";
		};
		A301D4742E8C08A900F67A76 /* Localizable.stringsdict */ = {
			isa = PBXVariantGroup;
			children = (
				A301D4792E8C08C000F67A76 /* en */,
				A301D4752E8C08A900F67A76 /* ru */,
			);
			name = Localizable.stringsdict;
			sourceTree = "<group>";
		};
		A3166E512E0589B600E6E1C2 /* LaunchScreen.storyboard */ = {
			isa = PBXVariantGroup;
			children = (
				A3166E502E0589B600E6E1C2 /* Base */,
			);
			name = LaunchScreen.storyboard;
			sourceTree = "<group>";
		};
		A3166E532E0589B600E6E1C2 /* Main.storyboard */ = {
			isa = PBXVariantGroup;
			children = (
				A3166E522E0589B600E6E1C2 /* Base */,
			);
			name = Main.storyboard;
			sourceTree = "<group>";
		};
/* End PBXVariantGroup section */

/* Begin XCBuildConfiguration section */
		A301D4882E8D8EE400F67A76 /* Debug */ = {
			isa = XCBuildConfiguration;
			buildSettings = {
				CODE_SIGN_STYLE = Automatic;
				CURRENT_PROJECT_VERSION = 1;
				DEVELOPMENT_TEAM = 2NVL5EUMWM;
				GENERATE_INFOPLIST_FILE = YES;
				IPHONEOS_DEPLOYMENT_TARGET = 18.0;
				MARKETING_VERSION = 1.0;
				PRODUCT_BUNDLE_IDENTIFIER = niiazkhasanov.TravelBuddyUITests;
				PRODUCT_NAME = "$(TARGET_NAME)";
				STRING_CATALOG_GENERATE_SYMBOLS = NO;
				SWIFT_APPROACHABLE_CONCURRENCY = YES;
				SWIFT_EMIT_LOC_STRINGS = NO;
				SWIFT_UPCOMING_FEATURE_MEMBER_IMPORT_VISIBILITY = YES;
				SWIFT_VERSION = 5.0;
				TARGETED_DEVICE_FAMILY = "1,2";
				TEST_TARGET_NAME = TravelBuddy;
			};
			name = Debug;
		};
		A301D4892E8D8EE400F67A76 /* Release */ = {
			isa = XCBuildConfiguration;
			buildSettings = {
				CODE_SIGN_STYLE = Automatic;
				CURRENT_PROJECT_VERSION = 1;
				DEVELOPMENT_TEAM = 2NVL5EUMWM;
				GENERATE_INFOPLIST_FILE = YES;
				IPHONEOS_DEPLOYMENT_TARGET = 18.0;
				MARKETING_VERSION = 1.0;
				PRODUCT_BUNDLE_IDENTIFIER = niiazkhasanov.TravelBuddyUITests;
				PRODUCT_NAME = "$(TARGET_NAME)";
				STRING_CATALOG_GENERATE_SYMBOLS = NO;
				SWIFT_APPROACHABLE_CONCURRENCY = YES;
				SWIFT_EMIT_LOC_STRINGS = NO;
				SWIFT_UPCOMING_FEATURE_MEMBER_IMPORT_VISIBILITY = YES;
				SWIFT_VERSION = 5.0;
				TARGETED_DEVICE_FAMILY = "1,2";
				TEST_TARGET_NAME = TravelBuddy;
			};
			name = Release;
		};
		A3166E002E04752700E6E1C2 /* Debug */ = {
			isa = XCBuildConfiguration;
			buildSettings = {
				ASSETCATALOG_COMPILER_APPICON_NAME = AppIcon;
				ASSETCATALOG_COMPILER_GLOBAL_ACCENT_COLOR_NAME = AccentColor;
				CODE_SIGN_STYLE = Automatic;
				CURRENT_PROJECT_VERSION = 1;
				DEVELOPMENT_TEAM = 2NVL5EUMWM;
				GENERATE_INFOPLIST_FILE = YES;
				INFOPLIST_FILE = Info.plist;
				INFOPLIST_KEY_UIApplicationSupportsIndirectInputEvents = YES;
				INFOPLIST_KEY_UILaunchStoryboardName = LaunchScreen;
				INFOPLIST_KEY_UIMainStoryboardFile = Main;
				INFOPLIST_KEY_UISupportedInterfaceOrientations_iPad = "UIInterfaceOrientationPortrait UIInterfaceOrientationPortraitUpsideDown UIInterfaceOrientationLandscapeLeft UIInterfaceOrientationLandscapeRight";
				INFOPLIST_KEY_UISupportedInterfaceOrientations_iPhone = "UIInterfaceOrientationPortrait UIInterfaceOrientationLandscapeLeft UIInterfaceOrientationLandscapeRight";
				LD_RUNPATH_SEARCH_PATHS = (
					"$(inherited)",
					"@executable_path/Frameworks",
				);
				MARKETING_VERSION = 1.0;
				PRODUCT_BUNDLE_IDENTIFIER = niiazkhasanov.TravelBuddy;
				PRODUCT_NAME = "$(TARGET_NAME)";
				SUPPORTED_PLATFORMS = "iphoneos iphonesimulator";
				SUPPORTS_MACCATALYST = NO;
				SUPPORTS_MAC_DESIGNED_FOR_IPHONE_IPAD = NO;
				SUPPORTS_XR_DESIGNED_FOR_IPHONE_IPAD = NO;
				SWIFT_EMIT_LOC_STRINGS = YES;
				SWIFT_VERSION = 5.0;
				TARGETED_DEVICE_FAMILY = 1;
			};
			name = Debug;
		};
		A3166E012E04752700E6E1C2 /* Release */ = {
			isa = XCBuildConfiguration;
			buildSettings = {
				ASSETCATALOG_COMPILER_APPICON_NAME = AppIcon;
				ASSETCATALOG_COMPILER_GLOBAL_ACCENT_COLOR_NAME = AccentColor;
				CODE_SIGN_STYLE = Automatic;
				CURRENT_PROJECT_VERSION = 1;
				DEVELOPMENT_TEAM = 2NVL5EUMWM;
				GENERATE_INFOPLIST_FILE = YES;
				INFOPLIST_FILE = Info.plist;
				INFOPLIST_KEY_UIApplicationSupportsIndirectInputEvents = YES;
				INFOPLIST_KEY_UILaunchStoryboardName = LaunchScreen;
				INFOPLIST_KEY_UIMainStoryboardFile = Main;
				INFOPLIST_KEY_UISupportedInterfaceOrientations_iPad = "UIInterfaceOrientationPortrait UIInterfaceOrientationPortraitUpsideDown UIInterfaceOrientationLandscapeLeft UIInterfaceOrientationLandscapeRight";
				INFOPLIST_KEY_UISupportedInterfaceOrientations_iPhone = "UIInterfaceOrientationPortrait UIInterfaceOrientationLandscapeLeft UIInterfaceOrientationLandscapeRight";
				LD_RUNPATH_SEARCH_PATHS = (
					"$(inherited)",
					"@executable_path/Frameworks",
				);
				MARKETING_VERSION = 1.0;
				PRODUCT_BUNDLE_IDENTIFIER = niiazkhasanov.TravelBuddy;
				PRODUCT_NAME = "$(TARGET_NAME)";
				SUPPORTED_PLATFORMS = "iphoneos iphonesimulator";
				SUPPORTS_MACCATALYST = NO;
				SUPPORTS_MAC_DESIGNED_FOR_IPHONE_IPAD = NO;
				SUPPORTS_XR_DESIGNED_FOR_IPHONE_IPAD = NO;
				SWIFT_EMIT_LOC_STRINGS = YES;
				SWIFT_VERSION = 5.0;
				TARGETED_DEVICE_FAMILY = 1;
			};
			name = Release;
		};
		A3166E022E04752700E6E1C2 /* Debug */ = {
			isa = XCBuildConfiguration;
			buildSettings = {
				ALWAYS_SEARCH_USER_PATHS = NO;
				ASSETCATALOG_COMPILER_GENERATE_SWIFT_ASSET_SYMBOL_EXTENSIONS = YES;
				CLANG_ANALYZER_NONNULL = YES;
				CLANG_ANALYZER_NUMBER_OBJECT_CONVERSION = YES_AGGRESSIVE;
				CLANG_CXX_LANGUAGE_STANDARD = "gnu++20";
				CLANG_ENABLE_MODULES = YES;
				CLANG_ENABLE_OBJC_ARC = YES;
				CLANG_ENABLE_OBJC_WEAK = YES;
				CLANG_WARN_BLOCK_CAPTURE_AUTORELEASING = YES;
				CLANG_WARN_BOOL_CONVERSION = YES;
				CLANG_WARN_COMMA = YES;
				CLANG_WARN_CONSTANT_CONVERSION = YES;
				CLANG_WARN_DEPRECATED_OBJC_IMPLEMENTATIONS = YES;
				CLANG_WARN_DIRECT_OBJC_ISA_USAGE = YES_ERROR;
				CLANG_WARN_DOCUMENTATION_COMMENTS = YES;
				CLANG_WARN_EMPTY_BODY = YES;
				CLANG_WARN_ENUM_CONVERSION = YES;
				CLANG_WARN_INFINITE_RECURSION = YES;
				CLANG_WARN_INT_CONVERSION = YES;
				CLANG_WARN_NON_LITERAL_NULL_CONVERSION = YES;
				CLANG_WARN_OBJC_IMPLICIT_RETAIN_SELF = YES;
				CLANG_WARN_OBJC_LITERAL_CONVERSION = YES;
				CLANG_WARN_OBJC_ROOT_CLASS = YES_ERROR;
				CLANG_WARN_QUOTED_INCLUDE_IN_FRAMEWORK_HEADER = YES;
				CLANG_WARN_RANGE_LOOP_ANALYSIS = YES;
				CLANG_WARN_STRICT_PROTOTYPES = YES;
				CLANG_WARN_SUSPICIOUS_MOVE = YES;
				CLANG_WARN_UNGUARDED_AVAILABILITY = YES_AGGRESSIVE;
				CLANG_WARN_UNREACHABLE_CODE = YES;
				CLANG_WARN__DUPLICATE_METHOD_MATCH = YES;
				COPY_PHASE_STRIP = NO;
				DEBUG_INFORMATION_FORMAT = dwarf;
				ENABLE_STRICT_OBJC_MSGSEND = YES;
				ENABLE_TESTABILITY = YES;
				ENABLE_USER_SCRIPT_SANDBOXING = YES;
				GCC_C_LANGUAGE_STANDARD = gnu17;
				GCC_DYNAMIC_NO_PIC = NO;
				GCC_NO_COMMON_BLOCKS = YES;
				GCC_OPTIMIZATION_LEVEL = 0;
				GCC_PREPROCESSOR_DEFINITIONS = (
					"DEBUG=1",
					"$(inherited)",
				);
				GCC_WARN_64_TO_32_BIT_CONVERSION = YES;
				GCC_WARN_ABOUT_RETURN_TYPE = YES_ERROR;
				GCC_WARN_UNDECLARED_SELECTOR = YES;
				GCC_WARN_UNINITIALIZED_AUTOS = YES_AGGRESSIVE;
				GCC_WARN_UNUSED_FUNCTION = YES;
				GCC_WARN_UNUSED_VARIABLE = YES;
				IPHONEOS_DEPLOYMENT_TARGET = 18.0;
				LOCALIZATION_PREFERS_STRING_CATALOGS = YES;
				MTL_ENABLE_DEBUG_INFO = INCLUDE_SOURCE;
				MTL_FAST_MATH = YES;
				ONLY_ACTIVE_ARCH = YES;
				SDKROOT = iphoneos;
				SWIFT_ACTIVE_COMPILATION_CONDITIONS = "DEBUG $(inherited)";
				SWIFT_OPTIMIZATION_LEVEL = "-Onone";
			};
			name = Debug;
		};
		A3166E032E04752700E6E1C2 /* Release */ = {
			isa = XCBuildConfiguration;
			buildSettings = {
				ALWAYS_SEARCH_USER_PATHS = NO;
				ASSETCATALOG_COMPILER_GENERATE_SWIFT_ASSET_SYMBOL_EXTENSIONS = YES;
				CLANG_ANALYZER_NONNULL = YES;
				CLANG_ANALYZER_NUMBER_OBJECT_CONVERSION = YES_AGGRESSIVE;
				CLANG_CXX_LANGUAGE_STANDARD = "gnu++20";
				CLANG_ENABLE_MODULES = YES;
				CLANG_ENABLE_OBJC_ARC = YES;
				CLANG_ENABLE_OBJC_WEAK = YES;
				CLANG_WARN_BLOCK_CAPTURE_AUTORELEASING = YES;
				CLANG_WARN_BOOL_CONVERSION = YES;
				CLANG_WARN_COMMA = YES;
				CLANG_WARN_CONSTANT_CONVERSION = YES;
				CLANG_WARN_DEPRECATED_OBJC_IMPLEMENTATIONS = YES;
				CLANG_WARN_DIRECT_OBJC_ISA_USAGE = YES_ERROR;
				CLANG_WARN_DOCUMENTATION_COMMENTS = YES;
				CLANG_WARN_EMPTY_BODY = YES;
				CLANG_WARN_ENUM_CONVERSION = YES;
				CLANG_WARN_INFINITE_RECURSION = YES;
				CLANG_WARN_INT_CONVERSION = YES;
				CLANG_WARN_NON_LITERAL_NULL_CONVERSION = YES;
				CLANG_WARN_OBJC_IMPLICIT_RETAIN_SELF = YES;
				CLANG_WARN_OBJC_LITERAL_CONVERSION = YES;
				CLANG_WARN_OBJC_ROOT_CLASS = YES_ERROR;
				CLANG_WARN_QUOTED_INCLUDE_IN_FRAMEWORK_HEADER = YES;
				CLANG_WARN_RANGE_LOOP_ANALYSIS = YES;
				CLANG_WARN_STRICT_PROTOTYPES = YES;
				CLANG_WARN_SUSPICIOUS_MOVE = YES;
				CLANG_WARN_UNGUARDED_AVAILABILITY = YES_AGGRESSIVE;
				CLANG_WARN_UNREACHABLE_CODE = YES;
				CLANG_WARN__DUPLICATE_METHOD_MATCH = YES;
				COPY_PHASE_STRIP = NO;
				DEBUG_INFORMATION_FORMAT = "dwarf-with-dsym";
				ENABLE_NS_ASSERTIONS = NO;
				ENABLE_STRICT_OBJC_MSGSEND = YES;
				ENABLE_USER_SCRIPT_SANDBOXING = YES;
				GCC_C_LANGUAGE_STANDARD = gnu17;
				GCC_NO_COMMON_BLOCKS = YES;
				GCC_WARN_64_TO_32_BIT_CONVERSION = YES;
				GCC_WARN_ABOUT_RETURN_TYPE = YES_ERROR;
				GCC_WARN_UNDECLARED_SELECTOR = YES;
				GCC_WARN_UNINITIALIZED_AUTOS = YES_AGGRESSIVE;
				GCC_WARN_UNUSED_FUNCTION = YES;
				GCC_WARN_UNUSED_VARIABLE = YES;
				IPHONEOS_DEPLOYMENT_TARGET = 18.0;
				LOCALIZATION_PREFERS_STRING_CATALOGS = YES;
				MTL_ENABLE_DEBUG_INFO = NO;
				MTL_FAST_MATH = YES;
				SDKROOT = iphoneos;
				SWIFT_COMPILATION_MODE = wholemodule;
				VALIDATE_PRODUCT = YES;
			};
			name = Release;
		};
/* End XCBuildConfiguration section */

/* Begin XCConfigurationList section */
		A301D4872E8D8EE400F67A76 /* Build configuration list for PBXNativeTarget "TravelBuddyUITests" */ = {
			isa = XCConfigurationList;
			buildConfigurations = (
				A301D4882E8D8EE400F67A76 /* Debug */,
				A301D4892E8D8EE400F67A76 /* Release */,
			);
			defaultConfigurationIsVisible = 0;
			defaultConfigurationName = Release;
		};
		A3166DE72E04752500E6E1C2 /* Build configuration list for PBXProject "TravelBuddy" */ = {
			isa = XCConfigurationList;
			buildConfigurations = (
				A3166E022E04752700E6E1C2 /* Debug */,
				A3166E032E04752700E6E1C2 /* Release */,
			);
			defaultConfigurationIsVisible = 0;
			defaultConfigurationName = Release;
		};
		A3166DFF2E04752700E6E1C2 /* Build configuration list for PBXNativeTarget "TravelBuddy" */ = {
			isa = XCConfigurationList;
			buildConfigurations = (
				A3166E002E04752700E6E1C2 /* Debug */,
				A3166E012E04752700E6E1C2 /* Release */,
			);
			defaultConfigurationIsVisible = 0;
			defaultConfigurationName = Release;
		};
/* End XCConfigurationList section */

/* Begin XCRemoteSwiftPackageReference section */
		A3166E042E0476E700E6E1C2 /* XCRemoteSwiftPackageReference "Swinject" */ = {
			isa = XCRemoteSwiftPackageReference;
			repositoryURL = "https://github.com/Swinject/Swinject.git";
			requirement = {
				kind = upToNextMajorVersion;
				minimumVersion = 2.9.1;
			};
		};
		A3166E092E05613600E6E1C2 /* XCRemoteSwiftPackageReference "firebase-ios-sdk" */ = {
			isa = XCRemoteSwiftPackageReference;
			repositoryURL = "https://github.com/firebase/firebase-ios-sdk";
			requirement = {
				kind = upToNextMajorVersion;
				minimumVersion = 11.14.0;
			};
		};
		A3166E0E2E0561DB00E6E1C2 /* XCRemoteSwiftPackageReference "realm-cocoa" */ = {
			isa = XCRemoteSwiftPackageReference;
			repositoryURL = "https://github.com/realm/realm-cocoa.git";
			requirement = {
				branch = master;
				kind = branch;
			};
		};
		A3166E132E05625800E6E1C2 /* XCRemoteSwiftPackageReference "Alamofire" */ = {
			isa = XCRemoteSwiftPackageReference;
			repositoryURL = "https://github.com/Alamofire/Alamofire.git";
			requirement = {
				kind = upToNextMajorVersion;
				minimumVersion = 5.10.2;
			};
		};
/* End XCRemoteSwiftPackageReference section */

/* Begin XCSwiftPackageProductDependency section */
		A3166E052E0476E700E6E1C2 /* Swinject */ = {
			isa = XCSwiftPackageProductDependency;
			package = A3166E042E0476E700E6E1C2 /* XCRemoteSwiftPackageReference "Swinject" */;
			productName = Swinject;
		};
		A3166E0A2E05613600E6E1C2 /* FirebaseAnalytics */ = {
			isa = XCSwiftPackageProductDependency;
			package = A3166E092E05613600E6E1C2 /* XCRemoteSwiftPackageReference "firebase-ios-sdk" */;
			productName = FirebaseAnalytics;
		};
		A3166E0C2E05613600E6E1C2 /* FirebaseCrashlytics */ = {
			isa = XCSwiftPackageProductDependency;
			package = A3166E092E05613600E6E1C2 /* XCRemoteSwiftPackageReference "firebase-ios-sdk" */;
			productName = FirebaseCrashlytics;
		};
		A3166E112E0561DB00E6E1C2 /* RealmSwift */ = {
			isa = XCSwiftPackageProductDependency;
			package = A3166E0E2E0561DB00E6E1C2 /* XCRemoteSwiftPackageReference "realm-cocoa" */;
			productName = RealmSwift;
		};
		A3166E142E05625800E6E1C2 /* Alamofire */ = {
			isa = XCSwiftPackageProductDependency;
			package = A3166E132E05625800E6E1C2 /* XCRemoteSwiftPackageReference "Alamofire" */;
			productName = Alamofire;
		};
/* End XCSwiftPackageProductDependency section */
	};
	rootObject = A3166DE42E04752500E6E1C2 /* Project object */;
}
